
Microsoft Visual Studio Solution File, Format Version 12.00
# Visual Studio Version 17
VisualStudioVersion = 17.14.36327.8
MinimumVisualStudioVersion = 10.0.40219.1
Project("{FAE04EC0-301F-11D3-BF4B-00C04F79EFBC}") = "UneCont Notas Fiscais", "UneCont Notas Fiscais.csproj", "{0AF04D4B-3EE6-4129-9750-2FE5EB25592F}"
	ProjectSection(ProjectDependencies) = postProject
		{0406FA3A-4B84-49C1-B6C2-A26617C26985} = {0406FA3A-4B84-49C1-B6C2-A26617C26985}
	EndProjectSection
EndProject
Project("{FAE04EC0-301F-11D3-BF4B-00C04F79EFBC}") = "UneCont_Notas_Fiscais.Tests", "..\UneCont_Notas_Fiscais.Tests\UneCont_Notas_Fiscais.Tests.csproj", "{0406FA3A-4B84-49C1-B6C2-A26617C26985}"
EndProject
Global
	GlobalSection(SolutionConfigurationPlatforms) = preSolution
		Debug|Any CPU = Debug|Any CPU
		Release|Any CPU = Release|Any CPU
	EndGlobalSection
	GlobalSection(ProjectConfigurationPlatforms) = postSolution
		{0AF04D4B-3EE6-4129-9750-2FE5EB25592F}.Debug|Any CPU.ActiveCfg = Debug|Any CPU
		{0AF04D4B-3EE6-4129-9750-2FE5EB25592F}.Debug|Any CPU.Build.0 = Debug|Any CPU
		{0AF04D4B-3EE6-4129-9750-2FE5EB25592F}.Release|Any CPU.ActiveCfg = Release|Any CPU
		{0AF04D4B-3EE6-4129-9750-2FE5EB25592F}.Release|Any CPU.Build.0 = Release|Any CPU
		{0406FA3A-4B84-49C1-B6C2-A26617C26985}.Debug|Any CPU.ActiveCfg = Debug|Any CPU
		{0406FA3A-4B84-49C1-B6C2-A26617C26985}.Debug|Any CPU.Build.0 = Debug|Any CPU
		{0406FA3A-4B84-49C1-B6C2-A26617C26985}.Release|Any CPU.ActiveCfg = Release|Any CPU
		{0406FA3A-4B84-49C1-B6C2-A26617C26985}.Release|Any CPU.Build.0 = Release|Any CPU
	EndGlobalSection
	GlobalSection(SolutionProperties) = preSolution
		HideSolutionNode = FALSE
	EndGlobalSection
	GlobalSection(ExtensibilityGlobals) = postSolution
		SolutionGuid = {E7FC25E4-9443-4F37-A76E-9AC43B6312CE}
	EndGlobalSection
EndGlobal
